{
  "name": "miniprogram",
  "version": "1.0.0",
  "lockfileVersion": 3,
  "requires": true,
  "packages": {
    "": {
      "name": "miniprogram",
      "version": "1.0.0",
      "dependencies": {
        "@vant/weapp": "^1.10.13",
        "dayjs": "^1.11.7",
        "mini-stores": "^2.0.0",
        "tdesign-miniprogram": "^1.2.3"
      }
    },
    "node_modules/@vant/weapp": {
      "version": "1.10.13",
      "resolved": "https://registry.npmjs.org/@vant/weapp/-/weapp-1.10.13.tgz",
      "integrity": "sha512-Ps56qHY60W0QpaFKgzN2UGWfzCcKfZrM7QZVfFM3Qx9Kpm/Tnqln+mrGSMiI84+6qU0Bv1xKX6FBDa04yNiwAQ=="
    },
    "node_modules/dayjs": {
      "version": "1.11.7",
      "resolved": "https://registry.npmjs.org/dayjs/-/dayjs-1.11.7.tgz",
      "integrity": "sha512-+Yw9U6YO5TQohxLcIkrXBeY73WP3ejHWVvx8XCk3gxvQDCTEmS48ZrSZCKciI7Bhl/uCMyxYtE9UqRILmFphkQ=="
    },
    "node_modules/mini-stores": {
      "version": "2.0.0",
      "resolved": "https://registry.npmmirror.com/mini-stores/-/mini-stores-2.0.0.tgz",
      "integrity": "sha512-QatSABn1yEL2T4ZjVU/9YxjlReS79VAFzSGaqLtEJ28l7jowJbONR2bZ0MqAnz3axlTSSou5EmBADzSDTcHGEg=="
    },
    "node_modules/tdesign-miniprogram": {
      "version": "1.2.3",
      "resolved": "https://registry.npmmirror.com/tdesign-miniprogram/-/tdesign-miniprogram-1.2.3.tgz",
      "integrity": "sha512-hT10cp9lw1heQ5JL7vKWcQX+4fpZpF06kZB0bOf3wCggVGr9jbgGtjSw+gn//kO6CLJBNnKIHfkTs9AYDwo5WA==",
      "dependencies": {
        "dayjs": "^1.10.7"
      }
    }
  }
}
